
Microsoft Visual Studio Solution File, Format Version 12.00
# Visual Studio Version 16
VisualStudioVersion = 16.0.33423.256
MinimumVisualStudioVersion = 10.0.40219.1
Project("{FAE04EC0-301F-11D3-BF4B-00C04F79EFBC}") = "QuanLyHoSoSinhVien", "QuanLyHoSoSinhVien\QuanLyHoSoSinhVien.csproj", "{21496D24-40DE-4192-AE5E-AFC454EEF8AD}"
EndProject
Global
	GlobalSection(SolutionConfigurationPlatforms) = preSolution
		Debug|Any CPU = Debug|Any CPU
		Release|Any CPU = Release|Any CPU
	EndGlobalSection
	GlobalSection(ProjectConfigurationPlatforms) = postSolution
		{21496D24-40DE-4192-AE5E-AFC454EEF8AD}.Debug|Any CPU.ActiveCfg = Debug|Any CPU
		{21496D24-40DE-4192-AE5E-AFC454EEF8AD}.Debug|Any CPU.Build.0 = Debug|Any CPU
		{21496D24-40DE-4192-AE5E-AFC454EEF8AD}.Release|Any CPU.ActiveCfg = Release|Any CPU
		{21496D24-40DE-4192-AE5E-AFC454EEF8AD}.Release|Any CPU.Build.0 = Release|Any CPU
	EndGlobalSection
	GlobalSection(SolutionProperties) = preSolution
		HideSolutionNode = FALSE
	EndGlobalSection
	GlobalSection(ExtensibilityGlobals) = postSolution
		SolutionGuid = {5A8093DA-77D5-4FDE-A68C-F1C17D411F4A}
	EndGlobalSection
EndGlobal
